<?xml version="1.0" encoding="utf-8"?>
<Project ToolsVersion="4.0" xmlns="http://schemas.microsoft.com/developer/msbuild/2003">
  <ItemGroup>
    <Filter Include="ソース ファイル">
      <UniqueIdentifier>{4FC737F1-C7A5-4376-A066-2A32D752A2FF}</UniqueIdentifier>
      <Extensions>cpp;c;cc;cxx;c++;cppm;ixx;def;odl;idl;hpj;bat;asm;asmx</Extensions>
    </Filter>
    <Filter Include="ヘッダー ファイル">
      <UniqueIdentifier>{93995380-89BD-4b04-88EB-625FBE52EBFB}</UniqueIdentifier>
      <Extensions>h;hh;hpp;hxx;h++;hm;inl;inc;ipp;xsd</Extensions>
    </Filter>
    <Filter Include="リソース ファイル">
      <UniqueIdentifier>{67DA6AB6-F800-4c08-8B7A-83BB121AAD01}</UniqueIdentifier>
      <Extensions>rc;ico;cur;bmp;dlg;rc2;rct;bin;rgs;gif;jpg;jpeg;jpe;resx;tiff;tif;png;wav;mfcribbon-ms</Extensions>
    </Filter>
    <Filter Include="ソース ファイル\base">
      <UniqueIdentifier>{2fa97996-047d-4280-a49f-8c8c483c612d}</UniqueIdentifier>
    </Filter>
    <Filter Include="ヘッダー ファイル\base">
      <UniqueIdentifier>{0cd3d6b1-980b-48d9-9f38-60ab0c5e249d}</UniqueIdentifier>
    </Filter>
    <Filter Include="ソース ファイル\number">
      <UniqueIdentifier>{be78b452-90dd-489c-9a83-633558507c7e}</UniqueIdentifier>
    </Filter>
    <Filter Include="ヘッダー ファイル\number">
      <UniqueIdentifier>{528aa452-0bd7-43f1-bf75-297cd45d471c}</UniqueIdentifier>
    </Filter>
    <Filter Include="ソース ファイル\manager">
      <UniqueIdentifier>{97bccee9-da47-4e2b-b461-8cc528eb0fe5}</UniqueIdentifier>
    </Filter>
    <Filter Include="ヘッダー ファイル\manager">
      <UniqueIdentifier>{dea35486-f632-4fca-a8a3-2d03095a8a68}</UniqueIdentifier>
    </Filter>
    <Filter Include="ソース ファイル\system">
      <UniqueIdentifier>{4bc660bf-b332-4786-a568-ac6babc3a84a}</UniqueIdentifier>
    </Filter>
    <Filter Include="ヘッダー ファイル\system">
      <UniqueIdentifier>{ddbe42ed-9415-4671-99fb-7f8672f38166}</UniqueIdentifier>
    </Filter>
    <Filter Include="ソース ファイル\objectX">
      <UniqueIdentifier>{3c3c4185-c492-44c5-8ffc-c9fb1e16b4f3}</UniqueIdentifier>
    </Filter>
    <Filter Include="ソース ファイル\object2D">
      <UniqueIdentifier>{ae3748a7-cc73-4e85-a92a-300af7ed9c9b}</UniqueIdentifier>
    </Filter>
    <Filter Include="ソース ファイル\object3D">
      <UniqueIdentifier>{78e4220c-f9c7-46e1-94b9-8559a2e9feaa}</UniqueIdentifier>
    </Filter>
    <Filter Include="ソース ファイル\billboard">
      <UniqueIdentifier>{e0dbb188-ed4a-463f-9bf3-cc886e9c6314}</UniqueIdentifier>
    </Filter>
    <Filter Include="ソース ファイル\mesh">
      <UniqueIdentifier>{b8f73d27-2bec-4b13-81b0-d2ce98d7580c}</UniqueIdentifier>
    </Filter>
    <Filter Include="ソース ファイル\character">
      <UniqueIdentifier>{a3090f52-25bd-4fd1-b3a3-8faed92a4733}</UniqueIdentifier>
    </Filter>
    <Filter Include="ヘッダー ファイル\object2D">
      <UniqueIdentifier>{272c37de-d3e5-45f8-ba5f-5941a6f402ea}</UniqueIdentifier>
    </Filter>
    <Filter Include="ヘッダー ファイル\object3D">
      <UniqueIdentifier>{163add49-5b10-434c-8cf8-2592c89f1044}</UniqueIdentifier>
    </Filter>
    <Filter Include="ヘッダー ファイル\objectX">
      <UniqueIdentifier>{ee624005-63d4-4874-bca2-8980262bd8b8}</UniqueIdentifier>
    </Filter>
    <Filter Include="ヘッダー ファイル\billboard">
      <UniqueIdentifier>{0e7e8666-193e-4c21-88cd-db85b67e4e07}</UniqueIdentifier>
    </Filter>
    <Filter Include="ヘッダー ファイル\mesh">
      <UniqueIdentifier>{5d5bbc62-e94d-4352-bf63-fb83945d4656}</UniqueIdentifier>
    </Filter>
    <Filter Include="ヘッダー ファイル\character">
      <UniqueIdentifier>{439bfeea-12b1-45b3-bc4a-35e03e0e32c2}</UniqueIdentifier>
    </Filter>
    <Filter Include="ソース ファイル\scene">
      <UniqueIdentifier>{fff4170e-fd17-4807-997b-2a18a7ec3b49}</UniqueIdentifier>
    </Filter>
    <Filter Include="ヘッダー ファイル\scene">
      <UniqueIdentifier>{7c8b4cb2-2186-479a-94c5-8897bec5440c}</UniqueIdentifier>
    </Filter>
    <Filter Include="ソース ファイル\state">
      <UniqueIdentifier>{9c0be61f-c9fc-4ab4-860b-986ab97045cd}</UniqueIdentifier>
    </Filter>
    <Filter Include="ヘッダー ファイル\state">
      <UniqueIdentifier>{b4fc844a-d49b-4a22-8c82-4aa28c9377a4}</UniqueIdentifier>
    </Filter>
    <Filter Include="ソース ファイル\tetsuji">
      <UniqueIdentifier>{a80a1416-b4c3-4df4-9bb1-c9b62b3c00df}</UniqueIdentifier>
    </Filter>
    <Filter Include="ヘッダー ファイル\tetsuji">
      <UniqueIdentifier>{462c4522-40c9-499f-bf35-48e00bedaa5f}</UniqueIdentifier>
    </Filter>
    <Filter Include="ヘッダー ファイル\resource">
      <UniqueIdentifier>{bb80f8f5-a1a1-4014-9fa7-a535e590be38}</UniqueIdentifier>
    </Filter>
    <Filter Include="ソース ファイル\CollisionObject">
      <UniqueIdentifier>{c41f4634-d254-4c15-a6fb-c1da82c782f8}</UniqueIdentifier>
    </Filter>
    <Filter Include="ヘッダー ファイル\CollisionObject">
      <UniqueIdentifier>{effabb19-fe3c-4312-9c4b-9b6472f93117}</UniqueIdentifier>
    </Filter>
    <Filter Include="ソース ファイル\ohno">
      <UniqueIdentifier>{3a336c14-f157-439b-9086-8fa5d8588cb7}</UniqueIdentifier>
    </Filter>
    <Filter Include="ヘッダー ファイル\ohno">
      <UniqueIdentifier>{1fb59234-ea81-48fb-b780-00b0fb952474}</UniqueIdentifier>
    </Filter>
    <Filter Include="ヘッダー ファイル\function">
      <UniqueIdentifier>{1fbdf6e0-1a89-4c19-9854-7970f2e8d7e3}</UniqueIdentifier>
    </Filter>
    <Filter Include="ソース ファイル\function">
      <UniqueIdentifier>{cb6e1cc8-b77e-44ec-9698-27aad06ef20b}</UniqueIdentifier>
    </Filter>
    <Filter Include="ソース ファイル\yoshida">
      <UniqueIdentifier>{51bb05bc-4936-4c06-b889-d83f4a5a6955}</UniqueIdentifier>
    </Filter>
    <Filter Include="ヘッダー ファイル\yoshida">
      <UniqueIdentifier>{68231be0-cee5-43cd-91b6-1613cb86f838}</UniqueIdentifier>
    </Filter>
  </ItemGroup>
  <ItemGroup>
    <ClCompile Include="fade.cpp">
      <Filter>ソース ファイル\base</Filter>
    </ClCompile>
    <ClCompile Include="camera.cpp">
      <Filter>ソース ファイル\base</Filter>
    </ClCompile>
    <ClCompile Include="main.cpp">
      <Filter>ソース ファイル\base</Filter>
    </ClCompile>
    <ClCompile Include="object.cpp">
      <Filter>ソース ファイル\base</Filter>
    </ClCompile>
    <ClCompile Include="pch.cpp">
      <Filter>ソース ファイル\base</Filter>
    </ClCompile>
    <ClCompile Include="renderer.cpp">
      <Filter>ソース ファイル\base</Filter>
    </ClCompile>
    <ClCompile Include="input.cpp">
      <Filter>ソース ファイル\base</Filter>
    </ClCompile>
    <ClCompile Include="light.cpp">
      <Filter>ソース ファイル\base</Filter>
    </ClCompile>
    <ClCompile Include="NormalTimer.cpp">
      <Filter>ソース ファイル\number</Filter>
    </ClCompile>
    <ClCompile Include="timer.cpp">
      <Filter>ソース ファイル\number</Filter>
    </ClCompile>
    <ClCompile Include="number.cpp">
      <Filter>ソース ファイル\number</Filter>
    </ClCompile>
    <ClCompile Include="CharacterManager.cpp">
      <Filter>ソース ファイル\manager</Filter>
    </ClCompile>
    <ClCompile Include="DualUnitTimer.cpp">
      <Filter>ソース ファイル\number</Filter>
    </ClCompile>
    <ClCompile Include="manager.cpp">
      <Filter>ソース ファイル\manager</Filter>
    </ClCompile>
    <ClCompile Include="modelManager.cpp">
      <Filter>ソース ファイル\manager</Filter>
    </ClCompile>
    <ClCompile Include="textureManager.cpp">
      <Filter>ソース ファイル\manager</Filter>
    </ClCompile>
    <ClCompile Include="Collider.cpp">
      <Filter>ソース ファイル\system</Filter>
    </ClCompile>
    <ClCompile Include="Collision.cpp">
      <Filter>ソース ファイル\system</Filter>
    </ClCompile>
    <ClCompile Include="debugproc.cpp">
      <Filter>ソース ファイル\system</Filter>
    </ClCompile>
    <ClCompile Include="math.cpp">
      <Filter>ソース ファイル\system</Filter>
    </ClCompile>
    <ClCompile Include="pause.cpp">
      <Filter>ソース ファイル\system</Filter>
    </ClCompile>
    <ClCompile Include="slow.cpp">
      <Filter>ソース ファイル\system</Filter>
    </ClCompile>
    <ClCompile Include="sound.cpp">
      <Filter>ソース ファイル\system</Filter>
    </ClCompile>
    <ClCompile Include="billboard.cpp">
      <Filter>ソース ファイル\billboard</Filter>
    </ClCompile>
    <ClCompile Include="billboardAnim.cpp">
      <Filter>ソース ファイル\billboard</Filter>
    </ClCompile>
    <ClCompile Include="dome.cpp">
      <Filter>ソース ファイル\mesh</Filter>
    </ClCompile>
    <ClCompile Include="cylinder.cpp">
      <Filter>ソース ファイル\mesh</Filter>
    </ClCompile>
    <ClCompile Include="FieldWave.cpp">
      <Filter>ソース ファイル\mesh</Filter>
    </ClCompile>
    <ClCompile Include="meshfield.cpp">
      <Filter>ソース ファイル\mesh</Filter>
    </ClCompile>
    <ClCompile Include="character3D.cpp">
      <Filter>ソース ファイル\character</Filter>
    </ClCompile>
    <ClCompile Include="MeshCircle.cpp">
      <Filter>ソース ファイル\mesh</Filter>
    </ClCompile>
    <ClCompile Include="object2D.cpp">
      <Filter>ソース ファイル\object2D</Filter>
    </ClCompile>
    <ClCompile Include="Object2DAnimMT.cpp">
      <Filter>ソース ファイル\object2D</Filter>
    </ClCompile>
    <ClCompile Include="object2DMT.cpp">
      <Filter>ソース ファイル\object2D</Filter>
    </ClCompile>
    <ClCompile Include="object3D.cpp">
      <Filter>ソース ファイル\object3D</Filter>
    </ClCompile>
    <ClCompile Include="Object3DAnim.cpp">
      <Filter>ソース ファイル\object3D</Filter>
    </ClCompile>
    <ClCompile Include="Object3DMT.cpp">
      <Filter>ソース ファイル\object3D</Filter>
    </ClCompile>
    <ClCompile Include="objectX.cpp">
      <Filter>ソース ファイル\objectX</Filter>
    </ClCompile>
    <ClCompile Include="motion.cpp">
      <Filter>ソース ファイル\character</Filter>
    </ClCompile>
    <ClCompile Include="Orbit.cpp">
      <Filter>ソース ファイル\mesh</Filter>
    </ClCompile>
    <ClCompile Include="model.cpp">
      <Filter>ソース ファイル\character</Filter>
    </ClCompile>
    <ClCompile Include="score.cpp">
      <Filter>ソース ファイル\number</Filter>
    </ClCompile>
    <ClCompile Include="game.cpp">
      <Filter>ソース ファイル\scene</Filter>
    </ClCompile>
    <ClCompile Include="result.cpp">
      <Filter>ソース ファイル\scene</Filter>
    </ClCompile>
    <ClCompile Include="scene.cpp">
      <Filter>ソース ファイル\scene</Filter>
    </ClCompile>
    <ClCompile Include="title.cpp">
      <Filter>ソース ファイル\scene</Filter>
    </ClCompile>
    <ClCompile Include="shadow.cpp">
      <Filter>ソース ファイル\object3D</Filter>
    </ClCompile>
    <ClCompile Include="shadowS.cpp">
      <Filter>ソース ファイル\objectX</Filter>
    </ClCompile>
    <ClCompile Include="statebase.cpp">
      <Filter>ソース ファイル\state</Filter>
    </ClCompile>
    <ClCompile Include="player.cpp">
      <Filter>ソース ファイル\character</Filter>
    </ClCompile>
    <ClCompile Include="tenplate.cpp">
      <Filter>ソース ファイル\base</Filter>
    </ClCompile>
    <ClCompile Include="fontManager.cpp">
      <Filter>ソース ファイル\manager</Filter>
    </ClCompile>
    <ClCompile Include="button.cpp">
      <Filter>ソース ファイル\tetsuji</Filter>
    </ClCompile>
    <ClCompile Include="myMath.cpp">
      <Filter>ソース ファイル\tetsuji</Filter>
    </ClCompile>
    <ClCompile Include="porygon2D.cpp">
      <Filter>ソース ファイル\tetsuji</Filter>
    </ClCompile>
    <ClCompile Include="word.cpp">
      <Filter>ソース ファイル\tetsuji</Filter>
    </ClCompile>
    <ClCompile Include="line.cpp">
      <Filter>ソース ファイル\tetsuji</Filter>
    </ClCompile>
    <ClCompile Include="statePlayer.cpp">
      <Filter>ソース ファイル</Filter>
    </ClCompile>
    <ClCompile Include="transform.cpp">
      <Filter>ソース ファイル\system</Filter>
    </ClCompile>
    <ClCompile Include="MapObject.cpp">
      <Filter>ソース ファイル</Filter>
    </ClCompile>
    <ClCompile Include="CollisionObject3D.cpp">
      <Filter>ソース ファイル\CollisionObject</Filter>
    </ClCompile>
    <ClCompile Include="CollisionMapObject.cpp">
      <Filter>ソース ファイル</Filter>
    </ClCompile>
    <ClCompile Include="DrumCan.cpp">
      <Filter>ソース ファイル\ohno</Filter>
    </ClCompile>
    <ClCompile Include="goal.cpp">
      <Filter>ソース ファイル</Filter>
    </ClCompile>
    <ClCompile Include="ranking.cpp">
      <Filter>ソース ファイル\scene</Filter>
    </ClCompile>
    <ClCompile Include="rank_manager.cpp">
      <Filter>ソース ファイル\manager</Filter>
    </ClCompile>
    <ClCompile Include="TitleUI.cpp">
      <Filter>ソース ファイル</Filter>
    </ClCompile>
    <ClCompile Include="Audience.cpp">
      <Filter>ソース ファイル\ohno</Filter>
    </ClCompile>
    <ClCompile Include="functionBase.cpp">
      <Filter>ソース ファイル\function</Filter>
    </ClCompile>
    <ClCompile Include="functionCollisionPlayerToGimmick.cpp">
      <Filter>ソース ファイル\function</Filter>
    </ClCompile>
    <ClCompile Include="functionCollisionPlayerToGoal.cpp">
      <Filter>ソース ファイル\function</Filter>
    </ClCompile>
    <ClCompile Include="functionForrowCamera.cpp">
      <Filter>ソース ファイル\function</Filter>
    </ClCompile>
    <ClCompile Include="functionDebugCamera.cpp">
      <Filter>ソース ファイル\function</Filter>
    </ClCompile>
    <ClCompile Include="RotationFloor.cpp">
      <Filter>ソース ファイル\yoshida</Filter>
    </ClCompile>
    <ClCompile Include="functionCollisionPlayerToDrumcan.cpp">
      <Filter>ソース ファイル\function</Filter>
    </ClCompile>
    <ClCompile Include="lineRenderer.cpp">
      <Filter>ソース ファイル</Filter>
    </ClCompile>
    <ClCompile Include="RotationFloorManager.cpp">
      <Filter>ソース ファイル</Filter>
    </ClCompile>
    <ClCompile Include="AudienceManager.cpp">
      <Filter>ソース ファイル</Filter>
    </ClCompile>
    <ClCompile Include="CollisionPlayerToMapObject.cpp">
      <Filter>ソース ファイル</Filter>
    </ClCompile>
    <ClCompile Include="functionGame.cpp">
      <Filter>ソース ファイル</Filter>
    </ClCompile>
    <ClCompile Include="CollisionMapObjManager.cpp">
      <Filter>ソース ファイル</Filter>
    </ClCompile>
    <ClCompile Include="StageLoader.cpp">
      <Filter>ソース ファイル</Filter>
    </ClCompile>
    <ClCompile Include="effect.cpp">
      <Filter>ソース ファイル</Filter>
    </ClCompile>
    <ClCompile Include="functionDebugRule.cpp">
      <Filter>ソース ファイル</Filter>
    </ClCompile>
    <ClCompile Include="object2DAnim.cpp">
      <Filter>ソース ファイル</Filter>
    </ClCompile>
    <ClCompile Include="rulebase.cpp">
      <Filter>ソース ファイル</Filter>
    </ClCompile>
    <ClCompile Include="ruleHula.cpp">
      <Filter>ソース ファイル</Filter>
    </ClCompile>
    <ClCompile Include="ruleJuggling.cpp">
      <Filter>ソース ファイル</Filter>
    </ClCompile>
    <ClCompile Include="ruleSkip.cpp">
      <Filter>ソース ファイル</Filter>
    </ClCompile>
    <ClCompile Include="particle.cpp">
      <Filter>ソース ファイル</Filter>
    </ClCompile>
    <ClCompile Include="GameManager.cpp">
      <Filter>ソース ファイル</Filter>
    </ClCompile>
    <ClCompile Include="ResultPlayer.cpp">
      <Filter>ソース ファイル</Filter>
    </ClCompile>
    <ClCompile Include="FunctionResult.cpp">
      <Filter>ソース ファイル</Filter>
    </ClCompile>
    <ClCompile Include="ScenePlayer.cpp">
      <Filter>ソース ファイル</Filter>
    </ClCompile>
    <ClCompile Include="ScenePlayerFactory.cpp">
      <Filter>ソース ファイル</Filter>
    </ClCompile>
    <ClCompile Include="TitlePlayer.cpp">
      <Filter>ソース ファイル</Filter>
    </ClCompile>
    <ClCompile Include="ruleBalance.cpp">
      <Filter>ソース ファイル</Filter>
    </ClCompile>
    <ClCompile Include="ResultLosePlayer.cpp">
      <Filter>ソース ファイル</Filter>
    </ClCompile>
    <ClCompile Include="FunctionMapObjToMapObj.cpp">
      <Filter>ソース ファイル</Filter>
    </ClCompile>
    <ClCompile Include="RankingScore.cpp">
      <Filter>ソース ファイル</Filter>
    </ClCompile>
    <ClCompile Include="easing.cpp">
      <Filter>ソース ファイル</Filter>
    </ClCompile>
    <ClCompile Include="OpeningScene.cpp">
      <Filter>ソース ファイル</Filter>
    </ClCompile>
    <ClCompile Include="GameEndScene.cpp">
      <Filter>ソース ファイル</Filter>
    </ClCompile>
    <ClCompile Include="OpeningPlayer.cpp">
      <Filter>ソース ファイル</Filter>
    </ClCompile>
    <ClCompile Include="OpeningCamera.cpp">
      <Filter>ソース ファイル</Filter>
    </ClCompile>
    <ClCompile Include="CameraAnimationSystem.cpp">
      <Filter>ソース ファイル</Filter>
    </ClCompile>
    <ClCompile Include="FunctionGameEnd.cpp">
      <Filter>ソース ファイル</Filter>
    </ClCompile>
    <ClCompile Include="GameEndPlayer.cpp">
      <Filter>ソース ファイル</Filter>
    </ClCompile>
    <ClCompile Include="AnimationEffect.cpp">
      <Filter>ソース ファイル</Filter>
    </ClCompile>
    <ClCompile Include="balljug.cpp">
      <Filter>ソース ファイル\tetsuji</Filter>
    </ClCompile>
    <ClCompile Include="functionGimickSpotLight.cpp">
      <Filter>ソース ファイル</Filter>
    </ClCompile>
    <ClCompile Include="OpeningBall.cpp">
      <Filter>ソース ファイル</Filter>
    </ClCompile>
    <ClCompile Include="funcZoomCamera.cpp">
      <Filter>ソース ファイル\function</Filter>
    </ClCompile>
    <ClCompile Include="MenuItem.cpp">
      <Filter>ソース ファイル</Filter>
    </ClCompile>
    <ClCompile Include="ResultLoseCommand.cpp">
      <Filter>ソース ファイル</Filter>
    </ClCompile>
    <ClCompile Include="MenuManager.cpp">
      <Filter>ソース ファイル</Filter>
    </ClCompile>
    <ClCompile Include="ResultLoseMenuManager.cpp">
      <Filter>ソース ファイル</Filter>
    </ClCompile>
    <ClCompile Include="MenuVisual.cpp">
      <Filter>ソース ファイル</Filter>
    </ClCompile>
    <ClCompile Include="hulaobj.cpp">
      <Filter>ソース ファイル\tetsuji</Filter>
    </ClCompile>
    <ClCompile Include="funcTimer.cpp">
      <Filter>ソース ファイル\function</Filter>
    </ClCompile>
    <ClCompile Include="Opening_UI.cpp">
      <Filter>ソース ファイル</Filter>
    </ClCompile>
    <ClCompile Include="OpeningUIManager.cpp">
      <Filter>ソース ファイル</Filter>
    </ClCompile>
    <ClCompile Include="LastTimer.cpp">
      <Filter>ソース ファイル</Filter>
    </ClCompile>
  </ItemGroup>
  <ItemGroup>
    <ClInclude Include="fade.h">
      <Filter>ヘッダー ファイル\base</Filter>
    </ClInclude>
    <ClInclude Include="input.h">
      <Filter>ヘッダー ファイル\base</Filter>
    </ClInclude>
    <ClInclude Include="main.h">
      <Filter>ヘッダー ファイル\base</Filter>
    </ClInclude>
    <ClInclude Include="light.h">
      <Filter>ヘッダー ファイル\base</Filter>
    </ClInclude>
    <ClInclude Include="object.h">
      <Filter>ヘッダー ファイル\base</Filter>
    </ClInclude>
    <ClInclude Include="result.h">
      <Filter>ヘッダー ファイル\base</Filter>
    </ClInclude>
    <ClInclude Include="renderer.h">
      <Filter>ヘッダー ファイル\base</Filter>
    </ClInclude>
    <ClInclude Include="pch.h">
      <Filter>ヘッダー ファイル\base</Filter>
    </ClInclude>
    <ClInclude Include="camera.h">
      <Filter>ヘッダー ファイル\base</Filter>
    </ClInclude>
    <ClInclude Include="NormalTimer.h">
      <Filter>ヘッダー ファイル\number</Filter>
    </ClInclude>
    <ClInclude Include="number.h">
      <Filter>ヘッダー ファイル\number</Filter>
    </ClInclude>
    <ClInclude Include="timer.h">
      <Filter>ヘッダー ファイル\number</Filter>
    </ClInclude>
    <ClInclude Include="CharacterManager.h">
      <Filter>ヘッダー ファイル\manager</Filter>
    </ClInclude>
    <ClInclude Include="DualUnitTimer.h">
      <Filter>ヘッダー ファイル\number</Filter>
    </ClInclude>
    <ClInclude Include="modelManager.h">
      <Filter>ヘッダー ファイル\manager</Filter>
    </ClInclude>
    <ClInclude Include="textureManager.h">
      <Filter>ヘッダー ファイル\manager</Filter>
    </ClInclude>
    <ClInclude Include="manager.h">
      <Filter>ヘッダー ファイル\manager</Filter>
    </ClInclude>
    <ClInclude Include="Collider.h">
      <Filter>ヘッダー ファイル\system</Filter>
    </ClInclude>
    <ClInclude Include="Collision.h">
      <Filter>ヘッダー ファイル\system</Filter>
    </ClInclude>
    <ClInclude Include="debugproc.h">
      <Filter>ヘッダー ファイル\system</Filter>
    </ClInclude>
    <ClInclude Include="pause.h">
      <Filter>ヘッダー ファイル\system</Filter>
    </ClInclude>
    <ClInclude Include="slow.h">
      <Filter>ヘッダー ファイル\system</Filter>
    </ClInclude>
    <ClInclude Include="math.h">
      <Filter>ヘッダー ファイル\system</Filter>
    </ClInclude>
    <ClInclude Include="sound.h">
      <Filter>ヘッダー ファイル\system</Filter>
    </ClInclude>
    <ClInclude Include="billboard.h">
      <Filter>ヘッダー ファイル\billboard</Filter>
    </ClInclude>
    <ClInclude Include="billboardAnim.h">
      <Filter>ヘッダー ファイル\billboard</Filter>
    </ClInclude>
    <ClInclude Include="character3D.h">
      <Filter>ヘッダー ファイル\character</Filter>
    </ClInclude>
    <ClInclude Include="cylinder.h">
      <Filter>ヘッダー ファイル\mesh</Filter>
    </ClInclude>
    <ClInclude Include="FieldWave.h">
      <Filter>ヘッダー ファイル\mesh</Filter>
    </ClInclude>
    <ClInclude Include="dome.h">
      <Filter>ヘッダー ファイル\mesh</Filter>
    </ClInclude>
    <ClInclude Include="MeshCircle.h">
      <Filter>ヘッダー ファイル\mesh</Filter>
    </ClInclude>
    <ClInclude Include="meshfield.h">
      <Filter>ヘッダー ファイル\mesh</Filter>
    </ClInclude>
    <ClInclude Include="model.h">
      <Filter>ヘッダー ファイル\character</Filter>
    </ClInclude>
    <ClInclude Include="motion.h">
      <Filter>ヘッダー ファイル\character</Filter>
    </ClInclude>
    <ClInclude Include="object2D.h">
      <Filter>ヘッダー ファイル\object2D</Filter>
    </ClInclude>
    <ClInclude Include="Object2DAnimMT.h">
      <Filter>ヘッダー ファイル\object2D</Filter>
    </ClInclude>
    <ClInclude Include="object2DMT.h">
      <Filter>ヘッダー ファイル\object2D</Filter>
    </ClInclude>
    <ClInclude Include="object3D.h">
      <Filter>ヘッダー ファイル\object3D</Filter>
    </ClInclude>
    <ClInclude Include="Object3DAnim.h">
      <Filter>ヘッダー ファイル\object3D</Filter>
    </ClInclude>
    <ClInclude Include="Object3DMT.h">
      <Filter>ヘッダー ファイル\object3D</Filter>
    </ClInclude>
    <ClInclude Include="objectX.h">
      <Filter>ヘッダー ファイル\objectX</Filter>
    </ClInclude>
    <ClInclude Include="Orbit.h">
      <Filter>ヘッダー ファイル\mesh</Filter>
    </ClInclude>
    <ClInclude Include="score.h">
      <Filter>ヘッダー ファイル\number</Filter>
    </ClInclude>
    <ClInclude Include="game.h">
      <Filter>ヘッダー ファイル\scene</Filter>
    </ClInclude>
    <ClInclude Include="scene.h">
      <Filter>ヘッダー ファイル\scene</Filter>
    </ClInclude>
    <ClInclude Include="title.h">
      <Filter>ヘッダー ファイル\scene</Filter>
    </ClInclude>
    <ClInclude Include="shadow.h">
      <Filter>ヘッダー ファイル\object3D</Filter>
    </ClInclude>
    <ClInclude Include="shadowS.h">
      <Filter>ヘッダー ファイル\objectX</Filter>
    </ClInclude>
    <ClInclude Include="statebase.h">
      <Filter>ヘッダー ファイル\state</Filter>
    </ClInclude>
    <ClInclude Include="json.hpp">
      <Filter>ソース ファイル\system</Filter>
    </ClInclude>
    <ClInclude Include="player.h">
      <Filter>ヘッダー ファイル\character</Filter>
    </ClInclude>
    <ClInclude Include="template.h">
      <Filter>ヘッダー ファイル\base</Filter>
    </ClInclude>
    <ClInclude Include="fontManager.h">
      <Filter>ヘッダー ファイル\manager</Filter>
    </ClInclude>
    <ClInclude Include="button.h">
      <Filter>ヘッダー ファイル\tetsuji</Filter>
    </ClInclude>
    <ClInclude Include="myMath.h">
      <Filter>ヘッダー ファイル\tetsuji</Filter>
    </ClInclude>
    <ClInclude Include="word.h">
      <Filter>ヘッダー ファイル\tetsuji</Filter>
    </ClInclude>
    <ClInclude Include="resource.h">
      <Filter>ヘッダー ファイル\resource</Filter>
    </ClInclude>
    <ClInclude Include="line.h">
      <Filter>ヘッダー ファイル\tetsuji</Filter>
    </ClInclude>
    <ClInclude Include="statePlayer.h">
      <Filter>ヘッダー ファイル</Filter>
    </ClInclude>
    <ClInclude Include="transform.h">
      <Filter>ヘッダー ファイル\system</Filter>
    </ClInclude>
    <ClInclude Include="MapObject.h">
      <Filter>ヘッダー ファイル</Filter>
    </ClInclude>
    <ClInclude Include="CollisionObject3D.h">
      <Filter>ヘッダー ファイル\CollisionObject</Filter>
    </ClInclude>
    <ClInclude Include="CollisionMapObject.h">
      <Filter>ヘッダー ファイル</Filter>
    </ClInclude>
    <ClInclude Include="DrumCan.h">
      <Filter>ヘッダー ファイル\ohno</Filter>
    </ClInclude>
    <ClInclude Include="goal.h">
      <Filter>ヘッダー ファイル</Filter>
    </ClInclude>
    <ClInclude Include="ranking.h">
      <Filter>ヘッダー ファイル\scene</Filter>
    </ClInclude>
    <ClInclude Include="rank_manager.h">
      <Filter>ヘッダー ファイル\manager</Filter>
    </ClInclude>
    <ClInclude Include="TitleUI.h">
      <Filter>ヘッダー ファイル</Filter>
    </ClInclude>
    <ClInclude Include="Audience.h">
      <Filter>ヘッダー ファイル\ohno</Filter>
    </ClInclude>
    <ClInclude Include="functionBase.h">
      <Filter>ヘッダー ファイル\function</Filter>
    </ClInclude>
    <ClInclude Include="functionCollisionPlayerToGimmick.h">
      <Filter>ヘッダー ファイル\function</Filter>
    </ClInclude>
    <ClInclude Include="functionCollisionPlayerToGoal.h">
      <Filter>ヘッダー ファイル\function</Filter>
    </ClInclude>
    <ClInclude Include="functionForrowCamera.h">
      <Filter>ヘッダー ファイル\function</Filter>
    </ClInclude>
    <ClInclude Include="functionDebugCamera.h">
      <Filter>ヘッダー ファイル\function</Filter>
    </ClInclude>
    <ClInclude Include="RotationFloor.h">
      <Filter>ヘッダー ファイル\yoshida</Filter>
    </ClInclude>
    <ClInclude Include="functionCollisionPlayerToDrumcan.h">
      <Filter>ヘッダー ファイル\function</Filter>
    </ClInclude>
    <ClInclude Include="lineRenderer.h">
      <Filter>ヘッダー ファイル</Filter>
    </ClInclude>
    <ClInclude Include="RotationFloorManager.h">
      <Filter>ヘッダー ファイル</Filter>
    </ClInclude>
    <ClInclude Include="AudienceManager.h">
      <Filter>ヘッダー ファイル</Filter>
    </ClInclude>
    <ClInclude Include="CollisionPlayerToMapObject.h">
      <Filter>ヘッダー ファイル</Filter>
    </ClInclude>
    <ClInclude Include="functionGame.h">
      <Filter>ヘッダー ファイル</Filter>
    </ClInclude>
    <ClInclude Include="CollisionMapObjManager.h">
      <Filter>ヘッダー ファイル</Filter>
    </ClInclude>
    <ClInclude Include="StageLoader.h">
      <Filter>ヘッダー ファイル</Filter>
    </ClInclude>
    <ClInclude Include="effect.h">
      <Filter>ヘッダー ファイル</Filter>
    </ClInclude>
    <ClInclude Include="functionDebugRule.h">
      <Filter>ヘッダー ファイル</Filter>
    </ClInclude>
    <ClInclude Include="object2DAnim.h">
      <Filter>ヘッダー ファイル</Filter>
    </ClInclude>
    <ClInclude Include="rulebase.h">
      <Filter>ヘッダー ファイル</Filter>
    </ClInclude>
    <ClInclude Include="ruleHula.h">
      <Filter>ヘッダー ファイル</Filter>
    </ClInclude>
    <ClInclude Include="ruleJuggling.h">
      <Filter>ヘッダー ファイル</Filter>
    </ClInclude>
    <ClInclude Include="ruleSkip.h">
      <Filter>ヘッダー ファイル</Filter>
    </ClInclude>
    <ClInclude Include="particle.h">
      <Filter>ヘッダー ファイル</Filter>
    </ClInclude>
    <ClInclude Include="GameManager.h">
      <Filter>ヘッダー ファイル</Filter>
    </ClInclude>
    <ClInclude Include="ResultPlayer.h">
      <Filter>ヘッダー ファイル</Filter>
    </ClInclude>
    <ClInclude Include="FunctionResult.h">
      <Filter>ヘッダー ファイル</Filter>
    </ClInclude>
    <ClInclude Include="ScenePlayer.h">
      <Filter>ヘッダー ファイル</Filter>
    </ClInclude>
    <ClInclude Include="ScenePlayerFactory.h">
      <Filter>ヘッダー ファイル</Filter>
    </ClInclude>
    <ClInclude Include="TitlePlayer.h">
      <Filter>ヘッダー ファイル</Filter>
    </ClInclude>
    <ClInclude Include="ruleBalance.h">
      <Filter>ヘッダー ファイル</Filter>
    </ClInclude>
    <ClInclude Include="ResultLosePlayer.h">
      <Filter>ヘッダー ファイル</Filter>
    </ClInclude>
    <ClInclude Include="FunctionMapObjToMapObj.h">
      <Filter>ヘッダー ファイル</Filter>
    </ClInclude>
    <ClInclude Include="RankingScore.h">
      <Filter>ヘッダー ファイル</Filter>
    </ClInclude>
    <ClInclude Include="easing.h">
      <Filter>ヘッダー ファイル</Filter>
    </ClInclude>
    <ClInclude Include="OpeningScene.h">
      <Filter>ヘッダー ファイル</Filter>
    </ClInclude>
    <ClInclude Include="GameEndScene.h">
      <Filter>ヘッダー ファイル</Filter>
    </ClInclude>
    <ClInclude Include="OpeningPlayer.h">
      <Filter>ヘッダー ファイル</Filter>
    </ClInclude>
    <ClInclude Include="OpeningCamera.h">
      <Filter>ヘッダー ファイル</Filter>
    </ClInclude>
    <ClInclude Include="CameraAnimationSystem.h">
      <Filter>ヘッダー ファイル</Filter>
    </ClInclude>
    <ClInclude Include="FunctionGameEnd.h">
      <Filter>ヘッダー ファイル</Filter>
    </ClInclude>
    <ClInclude Include="GameEndPlayer.h">
      <Filter>ヘッダー ファイル</Filter>
    </ClInclude>
    <ClInclude Include="AnimationEffect.h">
      <Filter>ヘッダー ファイル</Filter>
    </ClInclude>
    <ClInclude Include="balljug.h">
      <Filter>ヘッダー ファイル\tetsuji</Filter>
    </ClInclude>
    <ClInclude Include="functionGimickSpotLight.h">
      <Filter>ヘッダー ファイル</Filter>
    </ClInclude>
    <ClInclude Include="OpeningBall.h">
      <Filter>ヘッダー ファイル</Filter>
    </ClInclude>
    <ClInclude Include="funcZoomCamera.h">
      <Filter>ヘッダー ファイル\function</Filter>
    </ClInclude>
    <ClInclude Include="MenuItem.h">
      <Filter>ヘッダー ファイル</Filter>
    </ClInclude>
    <ClInclude Include="MenuCommandBase.h">
      <Filter>ヘッダー ファイル</Filter>
    </ClInclude>
    <ClInclude Include="ResultLoseCommand.h">
      <Filter>ヘッダー ファイル</Filter>
    </ClInclude>
    <ClInclude Include="MenuManager.h">
      <Filter>ヘッダー ファイル</Filter>
    </ClInclude>
    <ClInclude Include="ResultLoseMenuManager.h">
      <Filter>ヘッダー ファイル</Filter>
    </ClInclude>
    <ClInclude Include="MenuVisual.h">
      <Filter>ヘッダー ファイル</Filter>
    </ClInclude>
    <ClInclude Include="MenuVisualBase.h">
      <Filter>ヘッダー ファイル</Filter>
    </ClInclude>
    <ClInclude Include="hulaobj.h">
      <Filter>ヘッダー ファイル\tetsuji</Filter>
    </ClInclude>
    <ClInclude Include="funcTimer.h">
      <Filter>ヘッダー ファイル\function</Filter>
    </ClInclude>
    <ClInclude Include="Opening_UI.h">
      <Filter>ヘッダー ファイル</Filter>
    </ClInclude>
    <ClInclude Include="OpeningUIManager.h">
      <Filter>ヘッダー ファイル</Filter>
    </ClInclude>
    <ClInclude Include="LastTimer.h">
      <Filter>ヘッダー ファイル</Filter>
    </ClInclude>
  </ItemGroup>
  <ItemGroup>
    <ResourceCompile Include="Resource.rc">
      <Filter>リソース ファイル</Filter>
    </ResourceCompile>
  </ItemGroup>
  <ItemGroup>
    <None Include="data\SYSTEM\system_game.json" />
    <None Include="data\SYSTEM\Opening_Camera.json" />
  </ItemGroup>
</Project>